
Microsoft Visual Studio Solution File, Format Version 12.00
# Visual Studio Version 16
VisualStudioVersion = 16.0.31229.75
MinimumVisualStudioVersion = 10.0.40219.1
Project("{FAE04EC0-301F-11D3-BF4B-00C04F79EFBC}") = "FirstTask", "FirstTask\FirstTask.csproj", "{BFCDB228-ACFE-4415-B943-E0014C872F72}"
EndProject
Project("{FAE04EC0-301F-11D3-BF4B-00C04F79EFBC}") = "SecondTask", "SecondTask\SecondTask.csproj", "{20D2255E-3224-47C5-AACB-C24C2A34D62D}"
EndProject
Project("{FAE04EC0-301F-11D3-BF4B-00C04F79EFBC}") = "ThirdTask", "ThirdTask\ThirdTask.csproj", "{7915CE39-5603-483C-B462-AFC93AC8FB88}"
EndProject
Global
	GlobalSection(SolutionConfigurationPlatforms) = preSolution
		Debug|Any CPU = Debug|Any CPU
		Release|Any CPU = Release|Any CPU
	EndGlobalSection
	GlobalSection(ProjectConfigurationPlatforms) = postSolution
		{BFCDB228-ACFE-4415-B943-E0014C872F72}.Debug|Any CPU.ActiveCfg = Debug|Any CPU
		{BFCDB228-ACFE-4415-B943-E0014C872F72}.Debug|Any CPU.Build.0 = Debug|Any CPU
		{BFCDB228-ACFE-4415-B943-E0014C872F72}.Release|Any CPU.ActiveCfg = Release|Any CPU
		{BFCDB228-ACFE-4415-B943-E0014C872F72}.Release|Any CPU.Build.0 = Release|Any CPU
		{20D2255E-3224-47C5-AACB-C24C2A34D62D}.Debug|Any CPU.ActiveCfg = Debug|Any CPU
		{20D2255E-3224-47C5-AACB-C24C2A34D62D}.Debug|Any CPU.Build.0 = Debug|Any CPU
		{20D2255E-3224-47C5-AACB-C24C2A34D62D}.Release|Any CPU.ActiveCfg = Release|Any CPU
		{20D2255E-3224-47C5-AACB-C24C2A34D62D}.Release|Any CPU.Build.0 = Release|Any CPU
		{7915CE39-5603-483C-B462-AFC93AC8FB88}.Debug|Any CPU.ActiveCfg = Debug|Any CPU
		{7915CE39-5603-483C-B462-AFC93AC8FB88}.Debug|Any CPU.Build.0 = Debug|Any CPU
		{7915CE39-5603-483C-B462-AFC93AC8FB88}.Release|Any CPU.ActiveCfg = Release|Any CPU
		{7915CE39-5603-483C-B462-AFC93AC8FB88}.Release|Any CPU.Build.0 = Release|Any CPU
	EndGlobalSection
	GlobalSection(SolutionProperties) = preSolution
		HideSolutionNode = FALSE
	EndGlobalSection
	GlobalSection(ExtensibilityGlobals) = postSolution
		SolutionGuid = {68D13903-B5D6-4E07-A203-CD693703D3BC}
	EndGlobalSection
EndGlobal
